PODS:
  - pop (1.0.9)
  - WYMaterialButton (1.2.2):
    - pop (~> 1.0)

DEPENDENCIES:
  - WYMaterialButton (from `../`)

EXTERNAL SOURCES:
  WYMaterialButton:
    :path: "../"

SPEC CHECKSUMS:
  pop: f667631a5108a2e60d9e8797c9b32ddaf2080bce
  WYMaterialButton: 0c32f51ecd9db46fd8b3601a7239453f31c30168

COCOAPODS: 0.39.0
